
Microsoft Visual Studio Solution File, Format Version 12.00
# Visual Studio 14
VisualStudioVersion = 14.0.24720.0
MinimumVisualStudioVersion = 10.0.40219.1
Project("{2150E333-8FDC-42A3-9474-1A3956D46DE8}") = "Tests", "Tests", "{3F592F44-213C-4B8A-93FD-F2ED1528A4E1}"
EndProject
Project("{2150E333-8FDC-42A3-9474-1A3956D46DE8}") = "Unit", "Unit", "{472BCA98-9528-4671-ABFA-390576C3F74B}"
EndProject
Project("{2150E333-8FDC-42A3-9474-1A3956D46DE8}") = "Acceptance", "Acceptance", "{4AA220EC-FE91-4A90-A06A-07C179550F9D}"
EndProject
Project("{FAE04EC0-301F-11D3-BF4B-00C04F79EFBC}") = "GroceryCo.Kiosk.Acceptance.Tests", "test\acceptance\GroceryCo.Kiosk.Acceptance.Tests\GroceryCo.Kiosk.Acceptance.Tests.csproj", "{B09962A1-8324-4652-9B6A-AFDD53C53923}"
EndProject
Project("{FAE04EC0-301F-11D3-BF4B-00C04F79EFBC}") = "GroceryCo.Kiosk.Console.Unit.Tests", "test\unit\GroceryCo.Kiosk.Console.Unit.Tests\GroceryCo.Kiosk.Console.Unit.Tests.csproj", "{A8867840-DE9F-476B-9953-10C707918E71}"
EndProject
Project("{FAE04EC0-301F-11D3-BF4B-00C04F79EFBC}") = "GroceryCo.Kiosk.Console", "src\GroceryCo.Kiosk.Console\GroceryCo.Kiosk.Console.csproj", "{E1BD2144-64DF-4D5F-AB50-5266249B48E4}"
EndProject
Project("{FAE04EC0-301F-11D3-BF4B-00C04F79EFBC}") = "GroceryCo.Kiosk.Core", "src\GroceryCo.Kiosk.Core\GroceryCo.Kiosk.Core.csproj", "{A94B91BA-B63D-4C9C-80E1-5152DD257EAE}"
EndProject
Project("{FAE04EC0-301F-11D3-BF4B-00C04F79EFBC}") = "GroceryCo.Kiosk.Core.Unit.Tests", "test\unit\GroceryCo.Kiosk.Core.Unit.Tests\GroceryCo.Kiosk.Core.Unit.Tests.csproj", "{E802BFE0-53CE-4AC8-A274-75667BBFE5C4}"
EndProject
Global
	GlobalSection(SolutionConfigurationPlatforms) = preSolution
		Debug|Any CPU = Debug|Any CPU
		Release|Any CPU = Release|Any CPU
	EndGlobalSection
	GlobalSection(ProjectConfigurationPlatforms) = postSolution
		{B09962A1-8324-4652-9B6A-AFDD53C53923}.Debug|Any CPU.ActiveCfg = Debug|Any CPU
		{B09962A1-8324-4652-9B6A-AFDD53C53923}.Debug|Any CPU.Build.0 = Debug|Any CPU
		{B09962A1-8324-4652-9B6A-AFDD53C53923}.Release|Any CPU.ActiveCfg = Release|Any CPU
		{B09962A1-8324-4652-9B6A-AFDD53C53923}.Release|Any CPU.Build.0 = Release|Any CPU
		{A8867840-DE9F-476B-9953-10C707918E71}.Debug|Any CPU.ActiveCfg = Debug|Any CPU
		{A8867840-DE9F-476B-9953-10C707918E71}.Debug|Any CPU.Build.0 = Debug|Any CPU
		{A8867840-DE9F-476B-9953-10C707918E71}.Release|Any CPU.ActiveCfg = Release|Any CPU
		{A8867840-DE9F-476B-9953-10C707918E71}.Release|Any CPU.Build.0 = Release|Any CPU
		{E1BD2144-64DF-4D5F-AB50-5266249B48E4}.Debug|Any CPU.ActiveCfg = Debug|Any CPU
		{E1BD2144-64DF-4D5F-AB50-5266249B48E4}.Debug|Any CPU.Build.0 = Debug|Any CPU
		{E1BD2144-64DF-4D5F-AB50-5266249B48E4}.Release|Any CPU.ActiveCfg = Release|Any CPU
		{E1BD2144-64DF-4D5F-AB50-5266249B48E4}.Release|Any CPU.Build.0 = Release|Any CPU
		{A94B91BA-B63D-4C9C-80E1-5152DD257EAE}.Debug|Any CPU.ActiveCfg = Debug|Any CPU
		{A94B91BA-B63D-4C9C-80E1-5152DD257EAE}.Debug|Any CPU.Build.0 = Debug|Any CPU
		{A94B91BA-B63D-4C9C-80E1-5152DD257EAE}.Release|Any CPU.ActiveCfg = Release|Any CPU
		{A94B91BA-B63D-4C9C-80E1-5152DD257EAE}.Release|Any CPU.Build.0 = Release|Any CPU
		{E802BFE0-53CE-4AC8-A274-75667BBFE5C4}.Debug|Any CPU.ActiveCfg = Debug|Any CPU
		{E802BFE0-53CE-4AC8-A274-75667BBFE5C4}.Debug|Any CPU.Build.0 = Debug|Any CPU
		{E802BFE0-53CE-4AC8-A274-75667BBFE5C4}.Release|Any CPU.ActiveCfg = Release|Any CPU
		{E802BFE0-53CE-4AC8-A274-75667BBFE5C4}.Release|Any CPU.Build.0 = Release|Any CPU
	EndGlobalSection
	GlobalSection(SolutionProperties) = preSolution
		HideSolutionNode = FALSE
	EndGlobalSection
	GlobalSection(NestedProjects) = preSolution
		{472BCA98-9528-4671-ABFA-390576C3F74B} = {3F592F44-213C-4B8A-93FD-F2ED1528A4E1}
		{4AA220EC-FE91-4A90-A06A-07C179550F9D} = {3F592F44-213C-4B8A-93FD-F2ED1528A4E1}
		{B09962A1-8324-4652-9B6A-AFDD53C53923} = {4AA220EC-FE91-4A90-A06A-07C179550F9D}
		{A8867840-DE9F-476B-9953-10C707918E71} = {472BCA98-9528-4671-ABFA-390576C3F74B}
		{E802BFE0-53CE-4AC8-A274-75667BBFE5C4} = {472BCA98-9528-4671-ABFA-390576C3F74B}
	EndGlobalSection
EndGlobal
